
Microsoft Visual Studio Solution File, Format Version 12.00
# Visual Studio Version 17
VisualStudioVersion = 17.13.35919.96 d17.13
MinimumVisualStudioVersion = 10.0.40219.1
Project("{FAE04EC0-301F-11D3-BF4B-00C04F79EFBC}") = "etelClass", "etelClass\etelClass.csproj", "{FA7A107E-67EF-453F-A4BF-C2284EF8A0CF}"
EndProject
Global
	GlobalSection(SolutionConfigurationPlatforms) = preSolution
		Debug|Any CPU = Debug|Any CPU
		Release|Any CPU = Release|Any CPU
	EndGlobalSection
	GlobalSection(ProjectConfigurationPlatforms) = postSolution
		{FA7A107E-67EF-453F-A4BF-C2284EF8A0CF}.Debug|Any CPU.ActiveCfg = Debug|Any CPU
		{FA7A107E-67EF-453F-A4BF-C2284EF8A0CF}.Debug|Any CPU.Build.0 = Debug|Any CPU
		{FA7A107E-67EF-453F-A4BF-C2284EF8A0CF}.Release|Any CPU.ActiveCfg = Release|Any CPU
		{FA7A107E-67EF-453F-A4BF-C2284EF8A0CF}.Release|Any CPU.Build.0 = Release|Any CPU
	EndGlobalSection
	GlobalSection(SolutionProperties) = preSolution
		HideSolutionNode = FALSE
	EndGlobalSection
	GlobalSection(ExtensibilityGlobals) = postSolution
		SolutionGuid = {9B924318-1673-4EC7-BBCA-94DD4E8E2D47}
	EndGlobalSection
EndGlobal
